
Microsoft Visual Studio Solution File, Format Version 12.00
# Visual Studio Version 16
VisualStudioVersion = 16.0.31624.102
MinimumVisualStudioVersion = 10.0.40219.1
Project("{FAE04EC0-301F-11D3-BF4B-00C04F79EFBC}") = "k", "k\k.csproj", "{0E7C239C-7453-4109-B3AF-6C8C5AD97C2D}"
EndProject
Global
	GlobalSection(SolutionConfigurationPlatforms) = preSolution
		Debug|Any CPU = Debug|Any CPU
		Release|Any CPU = Release|Any CPU
	EndGlobalSection
	GlobalSection(ProjectConfigurationPlatforms) = postSolution
		{0E7C239C-7453-4109-B3AF-6C8C5AD97C2D}.Debug|Any CPU.ActiveCfg = Debug|Any CPU
		{0E7C239C-7453-4109-B3AF-6C8C5AD97C2D}.Debug|Any CPU.Build.0 = Debug|Any CPU
		{0E7C239C-7453-4109-B3AF-6C8C5AD97C2D}.Release|Any CPU.ActiveCfg = Release|Any CPU
		{0E7C239C-7453-4109-B3AF-6C8C5AD97C2D}.Release|Any CPU.Build.0 = Release|Any CPU
	EndGlobalSection
	GlobalSection(SolutionProperties) = preSolution
		HideSolutionNode = FALSE
	EndGlobalSection
	GlobalSection(ExtensibilityGlobals) = postSolution
		SolutionGuid = {89544B71-8B7C-4E37-A460-D69FAF2C68C5}
	EndGlobalSection
EndGlobal
